
Microsoft Visual Studio Solution File, Format Version 12.00
# Visual Studio Version 17
VisualStudioVersion = 17.9.34728.123
MinimumVisualStudioVersion = 10.0.40219.1
Project("{FAE04EC0-301F-11D3-BF4B-00C04F79EFBC}") = "ПР6", "ПР6.csproj", "{A1535E0A-3BC9-4BBF-A2A3-B1A418D46ECB}"
EndProject
Global
	GlobalSection(SolutionConfigurationPlatforms) = preSolution
		Debug|Any CPU = Debug|Any CPU
		Release|Any CPU = Release|Any CPU
	EndGlobalSection
	GlobalSection(ProjectConfigurationPlatforms) = postSolution
		{A1535E0A-3BC9-4BBF-A2A3-B1A418D46ECB}.Debug|Any CPU.ActiveCfg = Debug|Any CPU
		{A1535E0A-3BC9-4BBF-A2A3-B1A418D46ECB}.Debug|Any CPU.Build.0 = Debug|Any CPU
		{A1535E0A-3BC9-4BBF-A2A3-B1A418D46ECB}.Release|Any CPU.ActiveCfg = Release|Any CPU
		{A1535E0A-3BC9-4BBF-A2A3-B1A418D46ECB}.Release|Any CPU.Build.0 = Release|Any CPU
	EndGlobalSection
	GlobalSection(SolutionProperties) = preSolution
		HideSolutionNode = FALSE
	EndGlobalSection
	GlobalSection(ExtensibilityGlobals) = postSolution
		SolutionGuid = {D863B614-4F23-4362-997D-10075A5DE2DB}
	EndGlobalSection
EndGlobal
